
Microsoft Visual Studio Solution File, Format Version 12.00
# Visual Studio Version 16
VisualStudioVersion = 16.0.808.3
MinimumVisualStudioVersion = 10.0.40219.1
Project("{FAE04EC0-301F-11D3-BF4B-00C04F79EFBC}") = "1.1.3", "1.1.3\1.1.3.csproj", "{2476CC39-F790-4C3A-BAB3-20661E163E9B}"
EndProject
Project("{FAE04EC0-301F-11D3-BF4B-00C04F79EFBC}") = "1.1.3.Tests", "1.1.3.Tests\1.1.3.Tests.csproj", "{D48B6ADF-EA96-4878-98C8-00CD69B124EF}"
EndProject
Global
	GlobalSection(SolutionConfigurationPlatforms) = preSolution
		Debug|Any CPU = Debug|Any CPU
		Release|Any CPU = Release|Any CPU
	EndGlobalSection
	GlobalSection(ProjectConfigurationPlatforms) = postSolution
		{2476CC39-F790-4C3A-BAB3-20661E163E9B}.Debug|Any CPU.ActiveCfg = Debug|Any CPU
		{2476CC39-F790-4C3A-BAB3-20661E163E9B}.Debug|Any CPU.Build.0 = Debug|Any CPU
		{2476CC39-F790-4C3A-BAB3-20661E163E9B}.Release|Any CPU.ActiveCfg = Release|Any CPU
		{2476CC39-F790-4C3A-BAB3-20661E163E9B}.Release|Any CPU.Build.0 = Release|Any CPU
		{D48B6ADF-EA96-4878-98C8-00CD69B124EF}.Debug|Any CPU.ActiveCfg = Debug|Any CPU
		{D48B6ADF-EA96-4878-98C8-00CD69B124EF}.Debug|Any CPU.Build.0 = Debug|Any CPU
		{D48B6ADF-EA96-4878-98C8-00CD69B124EF}.Release|Any CPU.ActiveCfg = Release|Any CPU
		{D48B6ADF-EA96-4878-98C8-00CD69B124EF}.Release|Any CPU.Build.0 = Release|Any CPU
	EndGlobalSection
	GlobalSection(SolutionProperties) = preSolution
		HideSolutionNode = FALSE
	EndGlobalSection
	GlobalSection(ExtensibilityGlobals) = postSolution
		SolutionGuid = {BFD0097F-9C43-4334-A908-83FDB2EA5676}
	EndGlobalSection
EndGlobal
