
Microsoft Visual Studio Solution File, Format Version 12.00
# Visual Studio 15
VisualStudioVersion = 15.0.26124.0
MinimumVisualStudioVersion = 15.0.26124.0
Project("{FAE04EC0-301F-11D3-BF4B-00C04F79EFBC}") = "Problem1_1_9", "Problem1_1_9\Problem1_1_9.csproj", "{00DEFFBF-7E0C-4B82-BA6C-2BCF08682F70}"
EndProject
Project("{FAE04EC0-301F-11D3-BF4B-00C04F79EFBC}") = "Problem1_1_9.Tests", "Problem1_1_9.Tests\Problem1_1_9.Tests.csproj", "{06CC2B40-74C6-4BE7-A221-CD1FCBEDAEAD}"
EndProject
Global
	GlobalSection(SolutionConfigurationPlatforms) = preSolution
		Debug|Any CPU = Debug|Any CPU
		Debug|x64 = Debug|x64
		Debug|x86 = Debug|x86
		Release|Any CPU = Release|Any CPU
		Release|x64 = Release|x64
		Release|x86 = Release|x86
	EndGlobalSection
	GlobalSection(SolutionProperties) = preSolution
		HideSolutionNode = FALSE
	EndGlobalSection
	GlobalSection(ProjectConfigurationPlatforms) = postSolution
		{00DEFFBF-7E0C-4B82-BA6C-2BCF08682F70}.Debug|Any CPU.ActiveCfg = Debug|Any CPU
		{00DEFFBF-7E0C-4B82-BA6C-2BCF08682F70}.Debug|Any CPU.Build.0 = Debug|Any CPU
		{00DEFFBF-7E0C-4B82-BA6C-2BCF08682F70}.Debug|x64.ActiveCfg = Debug|Any CPU
		{00DEFFBF-7E0C-4B82-BA6C-2BCF08682F70}.Debug|x64.Build.0 = Debug|Any CPU
		{00DEFFBF-7E0C-4B82-BA6C-2BCF08682F70}.Debug|x86.ActiveCfg = Debug|Any CPU
		{00DEFFBF-7E0C-4B82-BA6C-2BCF08682F70}.Debug|x86.Build.0 = Debug|Any CPU
		{00DEFFBF-7E0C-4B82-BA6C-2BCF08682F70}.Release|Any CPU.ActiveCfg = Release|Any CPU
		{00DEFFBF-7E0C-4B82-BA6C-2BCF08682F70}.Release|Any CPU.Build.0 = Release|Any CPU
		{00DEFFBF-7E0C-4B82-BA6C-2BCF08682F70}.Release|x64.ActiveCfg = Release|Any CPU
		{00DEFFBF-7E0C-4B82-BA6C-2BCF08682F70}.Release|x64.Build.0 = Release|Any CPU
		{00DEFFBF-7E0C-4B82-BA6C-2BCF08682F70}.Release|x86.ActiveCfg = Release|Any CPU
		{00DEFFBF-7E0C-4B82-BA6C-2BCF08682F70}.Release|x86.Build.0 = Release|Any CPU
		{06CC2B40-74C6-4BE7-A221-CD1FCBEDAEAD}.Debug|Any CPU.ActiveCfg = Debug|Any CPU
		{06CC2B40-74C6-4BE7-A221-CD1FCBEDAEAD}.Debug|Any CPU.Build.0 = Debug|Any CPU
		{06CC2B40-74C6-4BE7-A221-CD1FCBEDAEAD}.Debug|x64.ActiveCfg = Debug|Any CPU
		{06CC2B40-74C6-4BE7-A221-CD1FCBEDAEAD}.Debug|x64.Build.0 = Debug|Any CPU
		{06CC2B40-74C6-4BE7-A221-CD1FCBEDAEAD}.Debug|x86.ActiveCfg = Debug|Any CPU
		{06CC2B40-74C6-4BE7-A221-CD1FCBEDAEAD}.Debug|x86.Build.0 = Debug|Any CPU
		{06CC2B40-74C6-4BE7-A221-CD1FCBEDAEAD}.Release|Any CPU.ActiveCfg = Release|Any CPU
		{06CC2B40-74C6-4BE7-A221-CD1FCBEDAEAD}.Release|Any CPU.Build.0 = Release|Any CPU
		{06CC2B40-74C6-4BE7-A221-CD1FCBEDAEAD}.Release|x64.ActiveCfg = Release|Any CPU
		{06CC2B40-74C6-4BE7-A221-CD1FCBEDAEAD}.Release|x64.Build.0 = Release|Any CPU
		{06CC2B40-74C6-4BE7-A221-CD1FCBEDAEAD}.Release|x86.ActiveCfg = Release|Any CPU
		{06CC2B40-74C6-4BE7-A221-CD1FCBEDAEAD}.Release|x86.Build.0 = Release|Any CPU
	EndGlobalSection
EndGlobal
